
Microsoft Visual Studio Solution File, Format Version 12.00
# Visual Studio Version 17
VisualStudioVersion = 17.9.34607.119
MinimumVisualStudioVersion = 10.0.40219.1
Project("{FAE04EC0-301F-11D3-BF4B-00C04F79EFBC}") = "backend", "backend\backend.csproj", "{F2520DD8-AA5E-47A6-B143-E1639A59761F}"
EndProject
Project("{2150E333-8FDC-42A3-9474-1A3956D46DE8}") = "BusinessLayer", "BusinessLayer", "{8C7AB062-240D-465E-97F2-6C65D90FC54B}"
EndProject
Project("{2150E333-8FDC-42A3-9474-1A3956D46DE8}") = "DataAccess", "DataAccess", "{AC38B471-2079-4F28-B74C-97099E3499AA}"
EndProject
Project("{FAE04EC0-301F-11D3-BF4B-00C04F79EFBC}") = "FeatureObject.Abstraction", "FeatureObject.Abstraction\FeatureObject.Abstraction.csproj", "{09E89039-D140-42BC-BCED-6B094A4892E7}"
EndProject
Project("{FAE04EC0-301F-11D3-BF4B-00C04F79EFBC}") = "FeatureObject.Implementation", "FeatureObject.Implementation\FeatureObject.Implementation.csproj", "{0A441DE4-F699-439B-9281-AFE6CF2E49D4}"
EndProject
Project("{FAE04EC0-301F-11D3-BF4B-00C04F79EFBC}") = "DataStore.Abstraction", "DataStore.Abstraction\DataStore.Abstraction.csproj", "{7F95B6E1-D963-43FD-B23E-5E8842D27695}"
EndProject
Project("{FAE04EC0-301F-11D3-BF4B-00C04F79EFBC}") = "DataStore.Implementation", "DataStore.Implementation\DataStore.Implementation.csproj", "{65450C77-239E-426D-AD20-9035988FF47F}"
EndProject
Global
	GlobalSection(SolutionConfigurationPlatforms) = preSolution
		Debug|Any CPU = Debug|Any CPU
		Release|Any CPU = Release|Any CPU
	EndGlobalSection
	GlobalSection(ProjectConfigurationPlatforms) = postSolution
		{F2520DD8-AA5E-47A6-B143-E1639A59761F}.Debug|Any CPU.ActiveCfg = Debug|Any CPU
		{F2520DD8-AA5E-47A6-B143-E1639A59761F}.Debug|Any CPU.Build.0 = Debug|Any CPU
		{F2520DD8-AA5E-47A6-B143-E1639A59761F}.Release|Any CPU.ActiveCfg = Release|Any CPU
		{F2520DD8-AA5E-47A6-B143-E1639A59761F}.Release|Any CPU.Build.0 = Release|Any CPU
		{09E89039-D140-42BC-BCED-6B094A4892E7}.Debug|Any CPU.ActiveCfg = Debug|Any CPU
		{09E89039-D140-42BC-BCED-6B094A4892E7}.Debug|Any CPU.Build.0 = Debug|Any CPU
		{09E89039-D140-42BC-BCED-6B094A4892E7}.Release|Any CPU.ActiveCfg = Release|Any CPU
		{09E89039-D140-42BC-BCED-6B094A4892E7}.Release|Any CPU.Build.0 = Release|Any CPU
		{0A441DE4-F699-439B-9281-AFE6CF2E49D4}.Debug|Any CPU.ActiveCfg = Debug|Any CPU
		{0A441DE4-F699-439B-9281-AFE6CF2E49D4}.Debug|Any CPU.Build.0 = Debug|Any CPU
		{0A441DE4-F699-439B-9281-AFE6CF2E49D4}.Release|Any CPU.ActiveCfg = Release|Any CPU
		{0A441DE4-F699-439B-9281-AFE6CF2E49D4}.Release|Any CPU.Build.0 = Release|Any CPU
		{7F95B6E1-D963-43FD-B23E-5E8842D27695}.Debug|Any CPU.ActiveCfg = Debug|Any CPU
		{7F95B6E1-D963-43FD-B23E-5E8842D27695}.Debug|Any CPU.Build.0 = Debug|Any CPU
		{7F95B6E1-D963-43FD-B23E-5E8842D27695}.Release|Any CPU.ActiveCfg = Release|Any CPU
		{7F95B6E1-D963-43FD-B23E-5E8842D27695}.Release|Any CPU.Build.0 = Release|Any CPU
		{65450C77-239E-426D-AD20-9035988FF47F}.Debug|Any CPU.ActiveCfg = Debug|Any CPU
		{65450C77-239E-426D-AD20-9035988FF47F}.Debug|Any CPU.Build.0 = Debug|Any CPU
		{65450C77-239E-426D-AD20-9035988FF47F}.Release|Any CPU.ActiveCfg = Release|Any CPU
		{65450C77-239E-426D-AD20-9035988FF47F}.Release|Any CPU.Build.0 = Release|Any CPU
	EndGlobalSection
	GlobalSection(SolutionProperties) = preSolution
		HideSolutionNode = FALSE
	EndGlobalSection
	GlobalSection(NestedProjects) = preSolution
		{09E89039-D140-42BC-BCED-6B094A4892E7} = {8C7AB062-240D-465E-97F2-6C65D90FC54B}
		{0A441DE4-F699-439B-9281-AFE6CF2E49D4} = {8C7AB062-240D-465E-97F2-6C65D90FC54B}
		{7F95B6E1-D963-43FD-B23E-5E8842D27695} = {AC38B471-2079-4F28-B74C-97099E3499AA}
		{65450C77-239E-426D-AD20-9035988FF47F} = {AC38B471-2079-4F28-B74C-97099E3499AA}
	EndGlobalSection
	GlobalSection(ExtensibilityGlobals) = postSolution
		SolutionGuid = {0B3269E0-AD78-447C-AC71-2E0CB39D1824}
	EndGlobalSection
EndGlobal
